// !$*UTF8*$!
{
	archiveVersion = 1;
	classes = {
	};
	objectVersion = 46;
	objects = {

/* Begin PBXBuildFile section */
		D5912A5919AF8AEE0001E76C /* CoreDataHelperSwift.swift in Sources */ = {isa = PBXBuildFile; fileRef = D5912A5519AF8AEE0001E76C /* CoreDataHelperSwift.swift */; };
		D5912A5A19AF8AEE0001E76C /* CoreDataHelperSwift+Saver.swift in Sources */ = {isa = PBXBuildFile; fileRef = D5912A5619AF8AEE0001E76C /* CoreDataHelperSwift+Saver.swift */; };
		D5912A5B19AF8AEE0001E76C /* NSManagedObject+CreationSwift.swift in Sources */ = {isa = PBXBuildFile; fileRef = D5912A5719AF8AEE0001E76C /* NSManagedObject+CreationSwift.swift */; };
		D5912A5C19AF8AEE0001E76C /* NSManagedObject+FetchSwift.swift in Sources */ = {isa = PBXBuildFile; fileRef = D5912A5819AF8AEE0001E76C /* NSManagedObject+FetchSwift.swift */; };
		D5AF3C0D19A28B4800BF0948 /* CoreDataHelperTests.swift in Sources */ = {isa = PBXBuildFile; fileRef = D5AF3C0C19A28B4800BF0948 /* CoreDataHelperTests.swift */; };
/* End PBXBuildFile section */

/* Begin PBXFileReference section */
		D5912A5519AF8AEE0001E76C /* CoreDataHelperSwift.swift */ = {isa = PBXFileReference; fileEncoding = 4; lastKnownFileType = sourcecode.swift; path = CoreDataHelperSwift.swift; sourceTree = "<group>"; };
		D5912A5619AF8AEE0001E76C /* CoreDataHelperSwift+Saver.swift */ = {isa = PBXFileReference; fileEncoding = 4; lastKnownFileType = sourcecode.swift; path = "CoreDataHelperSwift+Saver.swift"; sourceTree = "<group>"; };
		D5912A5719AF8AEE0001E76C /* NSManagedObject+CreationSwift.swift */ = {isa = PBXFileReference; fileEncoding = 4; lastKnownFileType = sourcecode.swift; path = "NSManagedObject+CreationSwift.swift"; sourceTree = "<group>"; };
		D5912A5819AF8AEE0001E76C /* NSManagedObject+FetchSwift.swift */ = {isa = PBXFileReference; fileEncoding = 4; lastKnownFileType = sourcecode.swift; path = "NSManagedObject+FetchSwift.swift"; sourceTree = "<group>"; };
		D5AF3BFD19A28B4800BF0948 /* CoreDataHelper.framework */ = {isa = PBXFileReference; explicitFileType = wrapper.framework; includeInIndex = 0; path = CoreDataHelper.framework; sourceTree = BUILT_PRODUCTS_DIR; };
		D5AF3C0119A28B4800BF0948 /* Info.plist */ = {isa = PBXFileReference; lastKnownFileType = text.plist.xml; path = Info.plist; sourceTree = "<group>"; };
		D5AF3C0819A28B4800BF0948 /* CoreDataHelperTests.xctest */ = {isa = PBXFileReference; explicitFileType = wrapper.cfbundle; includeInIndex = 0; path = CoreDataHelperTests.xctest; sourceTree = BUILT_PRODUCTS_DIR; };
		D5AF3C0B19A28B4800BF0948 /* Info.plist */ = {isa = PBXFileReference; lastKnownFileType = text.plist.xml; path = Info.plist; sourceTree = "<group>"; };
		D5AF3C0C19A28B4800BF0948 /* CoreDataHelperTests.swift */ = {isa = PBXFileReference; lastKnownFileType = sourcecode.swift; path = CoreDataHelperTests.swift; sourceTree = "<group>"; };
/* End PBXFileReference section */

/* Begin PBXFrameworksBuildPhase section */
		D5AF3BF919A28B4800BF0948 /* Frameworks */ = {
			isa = PBXFrameworksBuildPhase;
			buildActionMask = 2147483647;
			files = (
			);
			runOnlyForDeploymentPostprocessing = 0;
		};
		D5AF3C0519A28B4800BF0948 /* Frameworks */ = {
			isa = PBXFrameworksBuildPhase;
			buildActionMask = 2147483647;
			files = (
			);
			runOnlyForDeploymentPostprocessing = 0;
		};
/* End PBXFrameworksBuildPhase section */

/* Begin PBXGroup section */
		D5AF3BF319A28B4800BF0948 = {
			isa = PBXGroup;
			children = (
				D5AF3BFF19A28B4800BF0948 /* CoreDataHelper */,
				D5AF3C0919A28B4800BF0948 /* CoreDataHelperTests */,
				D5AF3BFE19A28B4800BF0948 /* Products */,
			);
			sourceTree = "<group>";
		};
		D5AF3BFE19A28B4800BF0948 /* Products */ = {
			isa = PBXGroup;
			children = (
				D5AF3BFD19A28B4800BF0948 /* CoreDataHelper.framework */,
				D5AF3C0819A28B4800BF0948 /* CoreDataHelperTests.xctest */,
			);
			name = Products;
			sourceTree = "<group>";
		};
		D5AF3BFF19A28B4800BF0948 /* CoreDataHelper */ = {
			isa = PBXGroup;
			children = (
				D5912A5519AF8AEE0001E76C /* CoreDataHelperSwift.swift */,
				D5912A5619AF8AEE0001E76C /* CoreDataHelperSwift+Saver.swift */,
				D5912A5719AF8AEE0001E76C /* NSManagedObject+CreationSwift.swift */,
				D5912A5819AF8AEE0001E76C /* NSManagedObject+FetchSwift.swift */,
				D5AF3C0019A28B4800BF0948 /* Supporting Files */,
			);
			path = CoreDataHelper;
			sourceTree = "<group>";
		};
		D5AF3C0019A28B4800BF0948 /* Supporting Files */ = {
			isa = PBXGroup;
			children = (
				D5AF3C0119A28B4800BF0948 /* Info.plist */,
			);
			name = "Supporting Files";
			sourceTree = "<group>";
		};
		D5AF3C0919A28B4800BF0948 /* CoreDataHelperTests */ = {
			isa = PBXGroup;
			children = (
				D5AF3C0C19A28B4800BF0948 /* CoreDataHelperTests.swift */,
				D5AF3C0A19A28B4800BF0948 /* Supporting Files */,
			);
			path = CoreDataHelperTests;
			sourceTree = "<group>";
		};
		D5AF3C0A19A28B4800BF0948 /* Supporting Files */ = {
			isa = PBXGroup;
			children = (
				D5AF3C0B19A28B4800BF0948 /* Info.plist */,
			);
			name = "Supporting Files";
			sourceTree = "<group>";
		};
/* End PBXGroup section */

/* Begin PBXHeadersBuildPhase section */
		D5AF3BFA19A28B4800BF0948 /* Headers */ = {
			isa = PBXHeadersBuildPhase;
			buildActionMask = 2147483647;
			files = (
			);
			runOnlyForDeploymentPostprocessing = 0;
		};
/* End PBXHeadersBuildPhase section */

/* Begin PBXNativeTarget section */
		D5AF3BFC19A28B4800BF0948 /* CoreDataHelper */ = {
			isa = PBXNativeTarget;
			buildConfigurationList = D5AF3C1019A28B4800BF0948 /* Build configuration list for PBXNativeTarget "CoreDataHelper" */;
			buildPhases = (
				D5AF3BF819A28B4800BF0948 /* Sources */,
				D5AF3BF919A28B4800BF0948 /* Frameworks */,
				D5AF3BFA19A28B4800BF0948 /* Headers */,
				D5AF3BFB19A28B4800BF0948 /* Resources */,
			);
			buildRules = (
			);
			dependencies = (
			);
			name = CoreDataHelper;
			productName = CoreDataHelper;
			productReference = D5AF3BFD19A28B4800BF0948 /* CoreDataHelper.framework */;
			productType = "com.apple.product-type.framework";
		};
		D5AF3C0719A28B4800BF0948 /* CoreDataHelperTests */ = {
			isa = PBXNativeTarget;
			buildConfigurationList = D5AF3C1319A28B4800BF0948 /* Build configuration list for PBXNativeTarget "CoreDataHelperTests" */;
			buildPhases = (
				D5AF3C0419A28B4800BF0948 /* Sources */,
				D5AF3C0519A28B4800BF0948 /* Frameworks */,
				D5AF3C0619A28B4800BF0948 /* Resources */,
			);
			buildRules = (
			);
			dependencies = (
			);
			name = CoreDataHelperTests;
			productName = CoreDataHelperTests;
			productReference = D5AF3C0819A28B4800BF0948 /* CoreDataHelperTests.xctest */;
			productType = "com.apple.product-type.bundle.unit-test";
		};
/* End PBXNativeTarget section */

/* Begin PBXProject section */
		D5AF3BF419A28B4800BF0948 /* Project object */ = {
			isa = PBXProject;
			attributes = {
				LastUpgradeCheck = 0600;
				ORGANIZATIONNAME = "Daniel Koza";
				TargetAttributes = {
					D5AF3BFC19A28B4800BF0948 = {
						CreatedOnToolsVersion = 6.0;
					};
					D5AF3C0719A28B4800BF0948 = {
						CreatedOnToolsVersion = 6.0;
					};
				};
			};
			buildConfigurationList = D5AF3BF719A28B4800BF0948 /* Build configuration list for PBXProject "CoreDataHelper" */;
			compatibilityVersion = "Xcode 3.2";
			developmentRegion = English;
			hasScannedForEncodings = 0;
			knownRegions = (
				en,
			);
			mainGroup = D5AF3BF319A28B4800BF0948;
			productRefGroup = D5AF3BFE19A28B4800BF0948 /* Products */;
			projectDirPath = "";
			projectRoot = "";
			targets = (
				D5AF3BFC19A28B4800BF0948 /* CoreDataHelper */,
				D5AF3C0719A28B4800BF0948 /* CoreDataHelperTests */,
			);
		};
/* End PBXProject section */

/* Begin PBXResourcesBuildPhase section */
		D5AF3BFB19A28B4800BF0948 /* Resources */ = {
			isa = PBXResourcesBuildPhase;
			buildActionMask = 2147483647;
			files = (
			);
			runOnlyForDeploymentPostprocessing = 0;
		};
		D5AF3C0619A28B4800BF0948 /* Resources */ = {
			isa = PBXResourcesBuildPhase;
			buildActionMask = 2147483647;
			files = (
			);
			runOnlyForDeploymentPostprocessing = 0;
		};
/* End PBXResourcesBuildPhase section */

/* Begin PBXSourcesBuildPhase section */
		D5AF3BF819A28B4800BF0948 /* Sources */ = {
			isa = PBXSourcesBuildPhase;
			buildActionMask = 2147483647;
			files = (
				D5912A5C19AF8AEE0001E76C /* NSManagedObject+FetchSwift.swift in Sources */,
				D5912A5A19AF8AEE0001E76C /* CoreDataHelperSwift+Saver.swift in Sources */,
				D5912A5B19AF8AEE0001E76C /* NSManagedObject+CreationSwift.swift in Sources */,
				D5912A5919AF8AEE0001E76C /* CoreDataHelperSwift.swift in Sources */,
			);
			runOnlyForDeploymentPostprocessing = 0;
		};
		D5AF3C0419A28B4800BF0948 /* Sources */ = {
			isa = PBXSourcesBuildPhase;
			buildActionMask = 2147483647;
			files = (
				D5AF3C0D19A28B4800BF0948 /* CoreDataHelperTests.swift in Sources */,
			);
			runOnlyForDeploymentPostprocessing = 0;
		};
/* End PBXSourcesBuildPhase section */

/* Begin XCBuildConfiguration section */
		D5AF3C0E19A28B4800BF0948 /* Debug */ = {
			isa = XCBuildConfiguration;
			buildSettings = {
				ALWAYS_SEARCH_USER_PATHS = NO;
				CLANG_CXX_LANGUAGE_STANDARD = "gnu++0x";
				CLANG_CXX_LIBRARY = "libc++";
				CLANG_ENABLE_MODULES = YES;
				CLANG_ENABLE_OBJC_ARC = YES;
				CLANG_WARN_BOOL_CONVERSION = YES;
				CLANG_WARN_CONSTANT_CONVERSION = YES;
				CLANG_WARN_DIRECT_OBJC_ISA_USAGE = YES_ERROR;
				CLANG_WARN_EMPTY_BODY = YES;
				CLANG_WARN_ENUM_CONVERSION = YES;
				CLANG_WARN_INT_CONVERSION = YES;
				CLANG_WARN_OBJC_ROOT_CLASS = YES_ERROR;
				CLANG_WARN_UNREACHABLE_CODE = YES;
				CLANG_WARN__DUPLICATE_METHOD_MATCH = YES;
				"CODE_SIGN_IDENTITY[sdk=iphoneos*]" = "iPhone Developer";
				COPY_PHASE_STRIP = NO;
				CURRENT_PROJECT_VERSION = 1;
				ENABLE_STRICT_OBJC_MSGSEND = YES;
				GCC_C_LANGUAGE_STANDARD = gnu99;
				GCC_DYNAMIC_NO_PIC = NO;
				GCC_OPTIMIZATION_LEVEL = 0;
				GCC_PREPROCESSOR_DEFINITIONS = (
					"DEBUG=1",
					"$(inherited)",
				);
				GCC_SYMBOLS_PRIVATE_EXTERN = NO;
				GCC_WARN_64_TO_32_BIT_CONVERSION = YES;
				GCC_WARN_ABOUT_RETURN_TYPE = YES_ERROR;
				GCC_WARN_UNDECLARED_SELECTOR = YES;
				GCC_WARN_UNINITIALIZED_AUTOS = YES_AGGRESSIVE;
				GCC_WARN_UNUSED_FUNCTION = YES;
				GCC_WARN_UNUSED_VARIABLE = YES;
				IPHONEOS_DEPLOYMENT_TARGET = 8.0;
				MTL_ENABLE_DEBUG_INFO = YES;
				ONLY_ACTIVE_ARCH = YES;
				SDKROOT = iphoneos;
				SWIFT_OPTIMIZATION_LEVEL = "-Onone";
				TARGETED_DEVICE_FAMILY = "1,2";
				VERSIONING_SYSTEM = "apple-generic";
				VERSION_INFO_PREFIX = "";
			};
			name = Debug;
		};
		D5AF3C0F19A28B4800BF0948 /* Release */ = {
			isa = XCBuildConfiguration;
			buildSettings = {
				ALWAYS_SEARCH_USER_PATHS = NO;
				CLANG_CXX_LANGUAGE_STANDARD = "gnu++0x";
				CLANG_CXX_LIBRARY = "libc++";
				CLANG_ENABLE_MODULES = YES;
				CLANG_ENABLE_OBJC_ARC = YES;
				CLANG_WARN_BOOL_CONVERSION = YES;
				CLANG_WARN_CONSTANT_CONVERSION = YES;
				CLANG_WARN_DIRECT_OBJC_ISA_USAGE = YES_ERROR;
				CLANG_WARN_EMPTY_BODY = YES;
				CLANG_WARN_ENUM_CONVERSION = YES;
				CLANG_WARN_INT_CONVERSION = YES;
				CLANG_WARN_OBJC_ROOT_CLASS = YES_ERROR;
				CLANG_WARN_UNREACHABLE_CODE = YES;
				CLANG_WARN__DUPLICATE_METHOD_MATCH = YES;
				"CODE_SIGN_IDENTITY[sdk=iphoneos*]" = "iPhone Developer";
				COPY_PHASE_STRIP = YES;
				CURRENT_PROJECT_VERSION = 1;
				ENABLE_NS_ASSERTIONS = NO;
				ENABLE_STRICT_OBJC_MSGSEND = YES;
				GCC_C_LANGUAGE_STANDARD = gnu99;
				GCC_WARN_64_TO_32_BIT_CONVERSION = YES;
				GCC_WARN_ABOUT_RETURN_TYPE = YES_ERROR;
				GCC_WARN_UNDECLARED_SELECTOR = YES;
				GCC_WARN_UNINITIALIZED_AUTOS = YES_AGGRESSIVE;
				GCC_WARN_UNUSED_FUNCTION = YES;
				GCC_WARN_UNUSED_VARIABLE = YES;
				IPHONEOS_DEPLOYMENT_TARGET = 8.0;
				MTL_ENABLE_DEBUG_INFO = NO;
				SDKROOT = iphoneos;
				TARGETED_DEVICE_FAMILY = "1,2";
				VALIDATE_PRODUCT = YES;
				VERSIONING_SYSTEM = "apple-generic";
				VERSION_INFO_PREFIX = "";
			};
			name = Release;
		};
		D5AF3C1119A28B4800BF0948 /* Debug */ = {
			isa = XCBuildConfiguration;
			buildSettings = {
				CLANG_ENABLE_MODULES = YES;
				DEFINES_MODULE = YES;
				DYLIB_COMPATIBILITY_VERSION = 1;
				DYLIB_CURRENT_VERSION = 1;
				DYLIB_INSTALL_NAME_BASE = "@rpath";
				INFOPLIST_FILE = CoreDataHelper/Info.plist;
				INSTALL_PATH = "$(LOCAL_LIBRARY_DIR)/Frameworks";
				LD_RUNPATH_SEARCH_PATHS = "$(inherited) @executable_path/Frameworks @loader_path/Frameworks";
				PRODUCT_NAME = "$(TARGET_NAME)";
				SKIP_INSTALL = YES;
				SWIFT_OPTIMIZATION_LEVEL = "-Onone";
			};
			name = Debug;
		};
		D5AF3C1219A28B4800BF0948 /* Release */ = {
			isa = XCBuildConfiguration;
			buildSettings = {
				CLANG_ENABLE_MODULES = YES;
				DEFINES_MODULE = YES;
				DYLIB_COMPATIBILITY_VERSION = 1;
				DYLIB_CURRENT_VERSION = 1;
				DYLIB_INSTALL_NAME_BASE = "@rpath";
				INFOPLIST_FILE = CoreDataHelper/Info.plist;
				INSTALL_PATH = "$(LOCAL_LIBRARY_DIR)/Frameworks";
				LD_RUNPATH_SEARCH_PATHS = "$(inherited) @executable_path/Frameworks @loader_path/Frameworks";
				PRODUCT_NAME = "$(TARGET_NAME)";
				SKIP_INSTALL = YES;
			};
			name = Release;
		};
		D5AF3C1419A28B4800BF0948 /* Debug */ = {
			isa = XCBuildConfiguration;
			buildSettings = {
				FRAMEWORK_SEARCH_PATHS = (
					"$(SDKROOT)/Developer/Library/Frameworks",
					"$(inherited)",
				);
				GCC_PREPROCESSOR_DEFINITIONS = (
					"DEBUG=1",
					"$(inherited)",
				);
				INFOPLIST_FILE = CoreDataHelperTests/Info.plist;
				LD_RUNPATH_SEARCH_PATHS = "$(inherited) @executable_path/Frameworks @loader_path/Frameworks";
				PRODUCT_NAME = "$(TARGET_NAME)";
			};
			name = Debug;
		};
		D5AF3C1519A28B4800BF0948 /* Release */ = {
			isa = XCBuildConfiguration;
			buildSettings = {
				FRAMEWORK_SEARCH_PATHS = (
					"$(SDKROOT)/Developer/Library/Frameworks",
					"$(inherited)",
				);
				INFOPLIST_FILE = CoreDataHelperTests/Info.plist;
				LD_RUNPATH_SEARCH_PATHS = "$(inherited) @executable_path/Frameworks @loader_path/Frameworks";
				PRODUCT_NAME = "$(TARGET_NAME)";
			};
			name = Release;
		};
/* End XCBuildConfiguration section */

/* Begin XCConfigurationList section */
		D5AF3BF719A28B4800BF0948 /* Build configuration list for PBXProject "CoreDataHelper" */ = {
			isa = XCConfigurationList;
			buildConfigurations = (
				D5AF3C0E19A28B4800BF0948 /* Debug */,
				D5AF3C0F19A28B4800BF0948 /* Release */,
			);
			defaultConfigurationIsVisible = 0;
			defaultConfigurationName = Release;
		};
		D5AF3C1019A28B4800BF0948 /* Build configuration list for PBXNativeTarget "CoreDataHelper" */ = {
			isa = XCConfigurationList;
			buildConfigurations = (
				D5AF3C1119A28B4800BF0948 /* Debug */,
				D5AF3C1219A28B4800BF0948 /* Release */,
			);
			defaultConfigurationIsVisible = 0;
			defaultConfigurationName = Release;
		};
		D5AF3C1319A28B4800BF0948 /* Build configuration list for PBXNativeTarget "CoreDataHelperTests" */ = {
			isa = XCConfigurationList;
			buildConfigurations = (
				D5AF3C1419A28B4800BF0948 /* Debug */,
				D5AF3C1519A28B4800BF0948 /* Release */,
			);
			defaultConfigurationIsVisible = 0;
			defaultConfigurationName = Release;
		};
/* End XCConfigurationList section */
	};
	rootObject = D5AF3BF419A28B4800BF0948 /* Project object */;
}
